
Microsoft Visual Studio Solution File, Format Version 12.00
# Visual Studio 14
VisualStudioVersion = 14.0.25123.0
MinimumVisualStudioVersion = 10.0.40219.1
Project("{2150E333-8FDC-42A3-9474-1A3956D46DE8}") = "Engine", "Engine", "{FEB000EC-4EEB-45C1-8C53-72823849AD3D}"
EndProject
Project("{2150E333-8FDC-42A3-9474-1A3956D46DE8}") = "Games", "Games", "{50DC6CD4-AA28-4A0E-8BFA-3301160CDDBD}"
EndProject
Project("{8BC9CEB8-8B4A-11D0-8D11-00A0C91BC942}") = "UE4", "Intermediate\ProjectFiles\UE4.vcxproj", "{ED38AFCE-BB41-45E3-9834-0A5F6D66028B}"
EndProject
Project("{8BC9CEB8-8B4A-11D0-8D11-00A0C91BC942}") = "MobilePatch", "Intermediate\ProjectFiles\MobilePatch.vcxproj", "{68D3F520-62A1-4216-B415-7D23A1558E45}"
EndProject
Global
	GlobalSection(SolutionConfigurationPlatforms) = preSolution
		DebugGame Editor|Android = DebugGame Editor|Android
		DebugGame Editor|HTML5 = DebugGame Editor|HTML5
		DebugGame Editor|IOS = DebugGame Editor|IOS
		DebugGame Editor|TVOS = DebugGame Editor|TVOS
		DebugGame Editor|Win32 = DebugGame Editor|Win32
		DebugGame Editor|Win64 = DebugGame Editor|Win64
		DebugGame|Android = DebugGame|Android
		DebugGame|HTML5 = DebugGame|HTML5
		DebugGame|IOS = DebugGame|IOS
		DebugGame|TVOS = DebugGame|TVOS
		DebugGame|Win32 = DebugGame|Win32
		DebugGame|Win64 = DebugGame|Win64
		Development Editor|Android = Development Editor|Android
		Development Editor|HTML5 = Development Editor|HTML5
		Development Editor|IOS = Development Editor|IOS
		Development Editor|TVOS = Development Editor|TVOS
		Development Editor|Win32 = Development Editor|Win32
		Development Editor|Win64 = Development Editor|Win64
		Development|Android = Development|Android
		Development|HTML5 = Development|HTML5
		Development|IOS = Development|IOS
		Development|TVOS = Development|TVOS
		Development|Win32 = Development|Win32
		Development|Win64 = Development|Win64
		Shipping|Android = Shipping|Android
		Shipping|HTML5 = Shipping|HTML5
		Shipping|IOS = Shipping|IOS
		Shipping|TVOS = Shipping|TVOS
		Shipping|Win32 = Shipping|Win32
		Shipping|Win64 = Shipping|Win64
	EndGlobalSection
	GlobalSection(ProjectConfigurationPlatforms) = postSolution
		{ED38AFCE-BB41-45E3-9834-0A5F6D66028B}.DebugGame Editor|Android.ActiveCfg = BuiltWithUnrealBuildTool|Win32
		{ED38AFCE-BB41-45E3-9834-0A5F6D66028B}.DebugGame Editor|Android.Build.0 = BuiltWithUnrealBuildTool|Win32
		{ED38AFCE-BB41-45E3-9834-0A5F6D66028B}.DebugGame Editor|HTML5.ActiveCfg = BuiltWithUnrealBuildTool|Win32
		{ED38AFCE-BB41-45E3-9834-0A5F6D66028B}.DebugGame Editor|HTML5.Build.0 = BuiltWithUnrealBuildTool|Win32
		{ED38AFCE-BB41-45E3-9834-0A5F6D66028B}.DebugGame Editor|IOS.ActiveCfg = BuiltWithUnrealBuildTool|Win32
		{ED38AFCE-BB41-45E3-9834-0A5F6D66028B}.DebugGame Editor|IOS.Build.0 = BuiltWithUnrealBuildTool|Win32
		{ED38AFCE-BB41-45E3-9834-0A5F6D66028B}.DebugGame Editor|TVOS.ActiveCfg = BuiltWithUnrealBuildTool|Win32
		{ED38AFCE-BB41-45E3-9834-0A5F6D66028B}.DebugGame Editor|TVOS.Build.0 = BuiltWithUnrealBuildTool|Win32
		{ED38AFCE-BB41-45E3-9834-0A5F6D66028B}.DebugGame Editor|Win32.ActiveCfg = BuiltWithUnrealBuildTool|Win32
		{ED38AFCE-BB41-45E3-9834-0A5F6D66028B}.DebugGame Editor|Win32.Build.0 = BuiltWithUnrealBuildTool|Win32
		{ED38AFCE-BB41-45E3-9834-0A5F6D66028B}.DebugGame Editor|Win64.ActiveCfg = BuiltWithUnrealBuildTool|Win32
		{ED38AFCE-BB41-45E3-9834-0A5F6D66028B}.DebugGame Editor|Win64.Build.0 = BuiltWithUnrealBuildTool|Win32
		{ED38AFCE-BB41-45E3-9834-0A5F6D66028B}.DebugGame|Android.ActiveCfg = BuiltWithUnrealBuildTool|Win32
		{ED38AFCE-BB41-45E3-9834-0A5F6D66028B}.DebugGame|Android.Build.0 = BuiltWithUnrealBuildTool|Win32
		{ED38AFCE-BB41-45E3-9834-0A5F6D66028B}.DebugGame|HTML5.ActiveCfg = BuiltWithUnrealBuildTool|Win32
		{ED38AFCE-BB41-45E3-9834-0A5F6D66028B}.DebugGame|HTML5.Build.0 = BuiltWithUnrealBuildTool|Win32
		{ED38AFCE-BB41-45E3-9834-0A5F6D66028B}.DebugGame|IOS.ActiveCfg = BuiltWithUnrealBuildTool|Win32
		{ED38AFCE-BB41-45E3-9834-0A5F6D66028B}.DebugGame|IOS.Build.0 = BuiltWithUnrealBuildTool|Win32
		{ED38AFCE-BB41-45E3-9834-0A5F6D66028B}.DebugGame|TVOS.ActiveCfg = BuiltWithUnrealBuildTool|Win32
		{ED38AFCE-BB41-45E3-9834-0A5F6D66028B}.DebugGame|TVOS.Build.0 = BuiltWithUnrealBuildTool|Win32
		{ED38AFCE-BB41-45E3-9834-0A5F6D66028B}.DebugGame|Win32.ActiveCfg = BuiltWithUnrealBuildTool|Win32
		{ED38AFCE-BB41-45E3-9834-0A5F6D66028B}.DebugGame|Win32.Build.0 = BuiltWithUnrealBuildTool|Win32
		{ED38AFCE-BB41-45E3-9834-0A5F6D66028B}.DebugGame|Win64.ActiveCfg = BuiltWithUnrealBuildTool|Win32
		{ED38AFCE-BB41-45E3-9834-0A5F6D66028B}.DebugGame|Win64.Build.0 = BuiltWithUnrealBuildTool|Win32
		{ED38AFCE-BB41-45E3-9834-0A5F6D66028B}.Development Editor|Android.ActiveCfg = BuiltWithUnrealBuildTool|Win32
		{ED38AFCE-BB41-45E3-9834-0A5F6D66028B}.Development Editor|Android.Build.0 = BuiltWithUnrealBuildTool|Win32
		{ED38AFCE-BB41-45E3-9834-0A5F6D66028B}.Development Editor|HTML5.ActiveCfg = BuiltWithUnrealBuildTool|Win32
		{ED38AFCE-BB41-45E3-9834-0A5F6D66028B}.Development Editor|HTML5.Build.0 = BuiltWithUnrealBuildTool|Win32
		{ED38AFCE-BB41-45E3-9834-0A5F6D66028B}.Development Editor|IOS.ActiveCfg = BuiltWithUnrealBuildTool|Win32
		{ED38AFCE-BB41-45E3-9834-0A5F6D66028B}.Development Editor|IOS.Build.0 = BuiltWithUnrealBuildTool|Win32
		{ED38AFCE-BB41-45E3-9834-0A5F6D66028B}.Development Editor|TVOS.ActiveCfg = BuiltWithUnrealBuildTool|Win32
		{ED38AFCE-BB41-45E3-9834-0A5F6D66028B}.Development Editor|TVOS.Build.0 = BuiltWithUnrealBuildTool|Win32
		{ED38AFCE-BB41-45E3-9834-0A5F6D66028B}.Development Editor|Win32.ActiveCfg = BuiltWithUnrealBuildTool|Win32
		{ED38AFCE-BB41-45E3-9834-0A5F6D66028B}.Development Editor|Win32.Build.0 = BuiltWithUnrealBuildTool|Win32
		{ED38AFCE-BB41-45E3-9834-0A5F6D66028B}.Development Editor|Win64.ActiveCfg = BuiltWithUnrealBuildTool|Win32
		{ED38AFCE-BB41-45E3-9834-0A5F6D66028B}.Development Editor|Win64.Build.0 = BuiltWithUnrealBuildTool|Win32
		{ED38AFCE-BB41-45E3-9834-0A5F6D66028B}.Development|Android.ActiveCfg = BuiltWithUnrealBuildTool|Win32
		{ED38AFCE-BB41-45E3-9834-0A5F6D66028B}.Development|Android.Build.0 = BuiltWithUnrealBuildTool|Win32
		{ED38AFCE-BB41-45E3-9834-0A5F6D66028B}.Development|HTML5.ActiveCfg = BuiltWithUnrealBuildTool|Win32
		{ED38AFCE-BB41-45E3-9834-0A5F6D66028B}.Development|HTML5.Build.0 = BuiltWithUnrealBuildTool|Win32
		{ED38AFCE-BB41-45E3-9834-0A5F6D66028B}.Development|IOS.ActiveCfg = BuiltWithUnrealBuildTool|Win32
		{ED38AFCE-BB41-45E3-9834-0A5F6D66028B}.Development|IOS.Build.0 = BuiltWithUnrealBuildTool|Win32
		{ED38AFCE-BB41-45E3-9834-0A5F6D66028B}.Development|TVOS.ActiveCfg = BuiltWithUnrealBuildTool|Win32
		{ED38AFCE-BB41-45E3-9834-0A5F6D66028B}.Development|TVOS.Build.0 = BuiltWithUnrealBuildTool|Win32
		{ED38AFCE-BB41-45E3-9834-0A5F6D66028B}.Development|Win32.ActiveCfg = BuiltWithUnrealBuildTool|Win32
		{ED38AFCE-BB41-45E3-9834-0A5F6D66028B}.Development|Win32.Build.0 = BuiltWithUnrealBuildTool|Win32
		{ED38AFCE-BB41-45E3-9834-0A5F6D66028B}.Development|Win64.ActiveCfg = BuiltWithUnrealBuildTool|Win32
		{ED38AFCE-BB41-45E3-9834-0A5F6D66028B}.Development|Win64.Build.0 = BuiltWithUnrealBuildTool|Win32
		{ED38AFCE-BB41-45E3-9834-0A5F6D66028B}.Shipping|Android.ActiveCfg = BuiltWithUnrealBuildTool|Win32
		{ED38AFCE-BB41-45E3-9834-0A5F6D66028B}.Shipping|Android.Build.0 = BuiltWithUnrealBuildTool|Win32
		{ED38AFCE-BB41-45E3-9834-0A5F6D66028B}.Shipping|HTML5.ActiveCfg = BuiltWithUnrealBuildTool|Win32
		{ED38AFCE-BB41-45E3-9834-0A5F6D66028B}.Shipping|HTML5.Build.0 = BuiltWithUnrealBuildTool|Win32
		{ED38AFCE-BB41-45E3-9834-0A5F6D66028B}.Shipping|IOS.ActiveCfg = BuiltWithUnrealBuildTool|Win32
		{ED38AFCE-BB41-45E3-9834-0A5F6D66028B}.Shipping|IOS.Build.0 = BuiltWithUnrealBuildTool|Win32
		{ED38AFCE-BB41-45E3-9834-0A5F6D66028B}.Shipping|TVOS.ActiveCfg = BuiltWithUnrealBuildTool|Win32
		{ED38AFCE-BB41-45E3-9834-0A5F6D66028B}.Shipping|TVOS.Build.0 = BuiltWithUnrealBuildTool|Win32
		{ED38AFCE-BB41-45E3-9834-0A5F6D66028B}.Shipping|Win32.ActiveCfg = BuiltWithUnrealBuildTool|Win32
		{ED38AFCE-BB41-45E3-9834-0A5F6D66028B}.Shipping|Win32.Build.0 = BuiltWithUnrealBuildTool|Win32
		{ED38AFCE-BB41-45E3-9834-0A5F6D66028B}.Shipping|Win64.ActiveCfg = BuiltWithUnrealBuildTool|Win32
		{ED38AFCE-BB41-45E3-9834-0A5F6D66028B}.Shipping|Win64.Build.0 = BuiltWithUnrealBuildTool|Win32
		{68D3F520-62A1-4216-B415-7D23A1558E45}.DebugGame Editor|Android.ActiveCfg = DebugGame_Editor|Tegra-Android
		{68D3F520-62A1-4216-B415-7D23A1558E45}.DebugGame Editor|HTML5.ActiveCfg = HTML5_DebugGame_Editor|Win32
		{68D3F520-62A1-4216-B415-7D23A1558E45}.DebugGame Editor|IOS.ActiveCfg = IOS_DebugGame_Editor|Win32
		{68D3F520-62A1-4216-B415-7D23A1558E45}.DebugGame Editor|TVOS.ActiveCfg = TVOS_DebugGame_Editor|Win32
		{68D3F520-62A1-4216-B415-7D23A1558E45}.DebugGame Editor|Win32.ActiveCfg = DebugGame_Editor|Win32
		{68D3F520-62A1-4216-B415-7D23A1558E45}.DebugGame Editor|Win64.ActiveCfg = DebugGame_Editor|x64
		{68D3F520-62A1-4216-B415-7D23A1558E45}.DebugGame Editor|Win64.Build.0 = DebugGame_Editor|x64
		{68D3F520-62A1-4216-B415-7D23A1558E45}.DebugGame|Android.ActiveCfg = DebugGame_Game|Tegra-Android
		{68D3F520-62A1-4216-B415-7D23A1558E45}.DebugGame|Android.Build.0 = DebugGame_Game|Tegra-Android
		{68D3F520-62A1-4216-B415-7D23A1558E45}.DebugGame|HTML5.ActiveCfg = HTML5_DebugGame_Game|Win32
		{68D3F520-62A1-4216-B415-7D23A1558E45}.DebugGame|HTML5.Build.0 = HTML5_DebugGame_Game|Win32
		{68D3F520-62A1-4216-B415-7D23A1558E45}.DebugGame|IOS.ActiveCfg = IOS_DebugGame_Game|Win32
		{68D3F520-62A1-4216-B415-7D23A1558E45}.DebugGame|IOS.Build.0 = IOS_DebugGame_Game|Win32
		{68D3F520-62A1-4216-B415-7D23A1558E45}.DebugGame|TVOS.ActiveCfg = TVOS_DebugGame_Game|Win32
		{68D3F520-62A1-4216-B415-7D23A1558E45}.DebugGame|TVOS.Build.0 = TVOS_DebugGame_Game|Win32
		{68D3F520-62A1-4216-B415-7D23A1558E45}.DebugGame|Win32.ActiveCfg = DebugGame_Game|Win32
		{68D3F520-62A1-4216-B415-7D23A1558E45}.DebugGame|Win32.Build.0 = DebugGame_Game|Win32
		{68D3F520-62A1-4216-B415-7D23A1558E45}.DebugGame|Win64.ActiveCfg = DebugGame_Game|x64
		{68D3F520-62A1-4216-B415-7D23A1558E45}.DebugGame|Win64.Build.0 = DebugGame_Game|x64
		{68D3F520-62A1-4216-B415-7D23A1558E45}.Development Editor|Android.ActiveCfg = Development_Editor|Tegra-Android
		{68D3F520-62A1-4216-B415-7D23A1558E45}.Development Editor|HTML5.ActiveCfg = HTML5_Development_Editor|Win32
		{68D3F520-62A1-4216-B415-7D23A1558E45}.Development Editor|IOS.ActiveCfg = IOS_Development_Editor|Win32
		{68D3F520-62A1-4216-B415-7D23A1558E45}.Development Editor|TVOS.ActiveCfg = TVOS_Development_Editor|Win32
		{68D3F520-62A1-4216-B415-7D23A1558E45}.Development Editor|Win32.ActiveCfg = Development_Editor|Win32
		{68D3F520-62A1-4216-B415-7D23A1558E45}.Development Editor|Win64.ActiveCfg = Development_Editor|x64
		{68D3F520-62A1-4216-B415-7D23A1558E45}.Development Editor|Win64.Build.0 = Development_Editor|x64
		{68D3F520-62A1-4216-B415-7D23A1558E45}.Development|Android.ActiveCfg = Development_Game|Tegra-Android
		{68D3F520-62A1-4216-B415-7D23A1558E45}.Development|Android.Build.0 = Development_Game|Tegra-Android
		{68D3F520-62A1-4216-B415-7D23A1558E45}.Development|HTML5.ActiveCfg = HTML5_Development_Game|Win32
		{68D3F520-62A1-4216-B415-7D23A1558E45}.Development|HTML5.Build.0 = HTML5_Development_Game|Win32
		{68D3F520-62A1-4216-B415-7D23A1558E45}.Development|IOS.ActiveCfg = IOS_Development_Game|Win32
		{68D3F520-62A1-4216-B415-7D23A1558E45}.Development|IOS.Build.0 = IOS_Development_Game|Win32
		{68D3F520-62A1-4216-B415-7D23A1558E45}.Development|TVOS.ActiveCfg = TVOS_Development_Game|Win32
		{68D3F520-62A1-4216-B415-7D23A1558E45}.Development|TVOS.Build.0 = TVOS_Development_Game|Win32
		{68D3F520-62A1-4216-B415-7D23A1558E45}.Development|Win32.ActiveCfg = Development_Game|Win32
		{68D3F520-62A1-4216-B415-7D23A1558E45}.Development|Win32.Build.0 = Development_Game|Win32
		{68D3F520-62A1-4216-B415-7D23A1558E45}.Development|Win64.ActiveCfg = Development_Game|x64
		{68D3F520-62A1-4216-B415-7D23A1558E45}.Development|Win64.Build.0 = Development_Game|x64
		{68D3F520-62A1-4216-B415-7D23A1558E45}.Shipping|Android.ActiveCfg = Shipping_Game|Tegra-Android
		{68D3F520-62A1-4216-B415-7D23A1558E45}.Shipping|Android.Build.0 = Shipping_Game|Tegra-Android
		{68D3F520-62A1-4216-B415-7D23A1558E45}.Shipping|HTML5.ActiveCfg = HTML5_Shipping_Game|Win32
		{68D3F520-62A1-4216-B415-7D23A1558E45}.Shipping|HTML5.Build.0 = HTML5_Shipping_Game|Win32
		{68D3F520-62A1-4216-B415-7D23A1558E45}.Shipping|IOS.ActiveCfg = IOS_Shipping_Game|Win32
		{68D3F520-62A1-4216-B415-7D23A1558E45}.Shipping|IOS.Build.0 = IOS_Shipping_Game|Win32
		{68D3F520-62A1-4216-B415-7D23A1558E45}.Shipping|TVOS.ActiveCfg = TVOS_Shipping_Game|Win32
		{68D3F520-62A1-4216-B415-7D23A1558E45}.Shipping|TVOS.Build.0 = TVOS_Shipping_Game|Win32
		{68D3F520-62A1-4216-B415-7D23A1558E45}.Shipping|Win32.ActiveCfg = Shipping_Game|Win32
		{68D3F520-62A1-4216-B415-7D23A1558E45}.Shipping|Win32.Build.0 = Shipping_Game|Win32
		{68D3F520-62A1-4216-B415-7D23A1558E45}.Shipping|Win64.ActiveCfg = Shipping_Game|x64
		{68D3F520-62A1-4216-B415-7D23A1558E45}.Shipping|Win64.Build.0 = Shipping_Game|x64
	EndGlobalSection
	GlobalSection(SolutionProperties) = preSolution
		HideSolutionNode = FALSE
	EndGlobalSection
	GlobalSection(NestedProjects) = preSolution
		{ED38AFCE-BB41-45E3-9834-0A5F6D66028B} = {FEB000EC-4EEB-45C1-8C53-72823849AD3D}
		{68D3F520-62A1-4216-B415-7D23A1558E45} = {50DC6CD4-AA28-4A0E-8BFA-3301160CDDBD}
	EndGlobalSection
EndGlobal
